
Microsoft Visual Studio Solution File, Format Version 12.00
# Visual Studio Version 17
VisualStudioVersion = 17.9.34714.143
MinimumVisualStudioVersion = 10.0.40219.1
Project("{FAE04EC0-301F-11D3-BF4B-00C04F79EFBC}") = "Ejercicio9", "Ejercicio9\Ejercicio9.csproj", "{2A4AE65B-69CD-4BB1-9E48-32D3FA790EBD}"
EndProject
Global
	GlobalSection(SolutionConfigurationPlatforms) = preSolution
		Debug|Any CPU = Debug|Any CPU
		Release|Any CPU = Release|Any CPU
	EndGlobalSection
	GlobalSection(ProjectConfigurationPlatforms) = postSolution
		{2A4AE65B-69CD-4BB1-9E48-32D3FA790EBD}.Debug|Any CPU.ActiveCfg = Debug|Any CPU
		{2A4AE65B-69CD-4BB1-9E48-32D3FA790EBD}.Debug|Any CPU.Build.0 = Debug|Any CPU
		{2A4AE65B-69CD-4BB1-9E48-32D3FA790EBD}.Release|Any CPU.ActiveCfg = Release|Any CPU
		{2A4AE65B-69CD-4BB1-9E48-32D3FA790EBD}.Release|Any CPU.Build.0 = Release|Any CPU
	EndGlobalSection
	GlobalSection(SolutionProperties) = preSolution
		HideSolutionNode = FALSE
	EndGlobalSection
	GlobalSection(ExtensibilityGlobals) = postSolution
		SolutionGuid = {AA53670B-6767-471F-A796-C71D0BDC50A8}
	EndGlobalSection
EndGlobal
