
Microsoft Visual Studio Solution File, Format Version 12.00
# Visual Studio Version 17
VisualStudioVersion = 17.9.34714.143
MinimumVisualStudioVersion = 10.0.40219.1
Project("{FAE04EC0-301F-11D3-BF4B-00C04F79EFBC}") = "Ejercio1", "Ejercio1\Ejercio1.csproj", "{B5FFC8CA-132A-43E6-897C-70276D791B50}"
EndProject
Global
	GlobalSection(SolutionConfigurationPlatforms) = preSolution
		Debug|Any CPU = Debug|Any CPU
		Release|Any CPU = Release|Any CPU
	EndGlobalSection
	GlobalSection(ProjectConfigurationPlatforms) = postSolution
		{B5FFC8CA-132A-43E6-897C-70276D791B50}.Debug|Any CPU.ActiveCfg = Debug|Any CPU
		{B5FFC8CA-132A-43E6-897C-70276D791B50}.Debug|Any CPU.Build.0 = Debug|Any CPU
		{B5FFC8CA-132A-43E6-897C-70276D791B50}.Release|Any CPU.ActiveCfg = Release|Any CPU
		{B5FFC8CA-132A-43E6-897C-70276D791B50}.Release|Any CPU.Build.0 = Release|Any CPU
	EndGlobalSection
	GlobalSection(SolutionProperties) = preSolution
		HideSolutionNode = FALSE
	EndGlobalSection
	GlobalSection(ExtensibilityGlobals) = postSolution
		SolutionGuid = {4C4956B1-C885-408C-9FAD-2EA7F1EE5F90}
	EndGlobalSection
EndGlobal
