
Microsoft Visual Studio Solution File, Format Version 12.00
# Visual Studio Version 17
VisualStudioVersion = 17.9.34714.143
MinimumVisualStudioVersion = 10.0.40219.1
Project("{FAE04EC0-301F-11D3-BF4B-00C04F79EFBC}") = "Ejercicio6", "Ejercicio6\Ejercicio6.csproj", "{694B6204-9908-4B90-A22E-1E3B14E21181}"
EndProject
Global
	GlobalSection(SolutionConfigurationPlatforms) = preSolution
		Debug|Any CPU = Debug|Any CPU
		Release|Any CPU = Release|Any CPU
	EndGlobalSection
	GlobalSection(ProjectConfigurationPlatforms) = postSolution
		{694B6204-9908-4B90-A22E-1E3B14E21181}.Debug|Any CPU.ActiveCfg = Debug|Any CPU
		{694B6204-9908-4B90-A22E-1E3B14E21181}.Debug|Any CPU.Build.0 = Debug|Any CPU
		{694B6204-9908-4B90-A22E-1E3B14E21181}.Release|Any CPU.ActiveCfg = Release|Any CPU
		{694B6204-9908-4B90-A22E-1E3B14E21181}.Release|Any CPU.Build.0 = Release|Any CPU
	EndGlobalSection
	GlobalSection(SolutionProperties) = preSolution
		HideSolutionNode = FALSE
	EndGlobalSection
	GlobalSection(ExtensibilityGlobals) = postSolution
		SolutionGuid = {DDAD0C73-7EE5-4A25-AA00-512F875D434D}
	EndGlobalSection
EndGlobal
