
Microsoft Visual Studio Solution File, Format Version 12.00
# Visual Studio Version 17
VisualStudioVersion = 17.9.34714.143
MinimumVisualStudioVersion = 10.0.40219.1
Project("{FAE04EC0-301F-11D3-BF4B-00C04F79EFBC}") = "Ejercicio5", "Ejercicio5\Ejercicio5.csproj", "{4803E9EF-A4A6-4BDF-BFD4-5BDD632EC4EC}"
EndProject
Global
	GlobalSection(SolutionConfigurationPlatforms) = preSolution
		Debug|Any CPU = Debug|Any CPU
		Release|Any CPU = Release|Any CPU
	EndGlobalSection
	GlobalSection(ProjectConfigurationPlatforms) = postSolution
		{4803E9EF-A4A6-4BDF-BFD4-5BDD632EC4EC}.Debug|Any CPU.ActiveCfg = Debug|Any CPU
		{4803E9EF-A4A6-4BDF-BFD4-5BDD632EC4EC}.Debug|Any CPU.Build.0 = Debug|Any CPU
		{4803E9EF-A4A6-4BDF-BFD4-5BDD632EC4EC}.Release|Any CPU.ActiveCfg = Release|Any CPU
		{4803E9EF-A4A6-4BDF-BFD4-5BDD632EC4EC}.Release|Any CPU.Build.0 = Release|Any CPU
	EndGlobalSection
	GlobalSection(SolutionProperties) = preSolution
		HideSolutionNode = FALSE
	EndGlobalSection
	GlobalSection(ExtensibilityGlobals) = postSolution
		SolutionGuid = {E9BBE2AE-A2AE-4066-AFEE-F79FB2AF9CB5}
	EndGlobalSection
EndGlobal
