
Microsoft Visual Studio Solution File, Format Version 12.00
# Visual Studio Version 17
VisualStudioVersion = 17.9.34714.143
MinimumVisualStudioVersion = 10.0.40219.1
Project("{FAE04EC0-301F-11D3-BF4B-00C04F79EFBC}") = "Ejercicio10", "Ejercicio10\Ejercicio10.csproj", "{626A29F9-16BF-4F72-9DC9-82974AB0E768}"
EndProject
Global
	GlobalSection(SolutionConfigurationPlatforms) = preSolution
		Debug|Any CPU = Debug|Any CPU
		Release|Any CPU = Release|Any CPU
	EndGlobalSection
	GlobalSection(ProjectConfigurationPlatforms) = postSolution
		{626A29F9-16BF-4F72-9DC9-82974AB0E768}.Debug|Any CPU.ActiveCfg = Debug|Any CPU
		{626A29F9-16BF-4F72-9DC9-82974AB0E768}.Debug|Any CPU.Build.0 = Debug|Any CPU
		{626A29F9-16BF-4F72-9DC9-82974AB0E768}.Release|Any CPU.ActiveCfg = Release|Any CPU
		{626A29F9-16BF-4F72-9DC9-82974AB0E768}.Release|Any CPU.Build.0 = Release|Any CPU
	EndGlobalSection
	GlobalSection(SolutionProperties) = preSolution
		HideSolutionNode = FALSE
	EndGlobalSection
	GlobalSection(ExtensibilityGlobals) = postSolution
		SolutionGuid = {219B2F9D-72D0-40B0-90BD-0344BB22371B}
	EndGlobalSection
EndGlobal
