
Microsoft Visual Studio Solution File, Format Version 12.00
# Visual Studio Version 17
VisualStudioVersion = 17.9.34714.143
MinimumVisualStudioVersion = 10.0.40219.1
Project("{FAE04EC0-301F-11D3-BF4B-00C04F79EFBC}") = "Ejercicio3", "Ejercicio3\Ejercicio3.csproj", "{3F647EBB-063F-48B8-8DF1-116A1A1108E8}"
EndProject
Global
	GlobalSection(SolutionConfigurationPlatforms) = preSolution
		Debug|Any CPU = Debug|Any CPU
		Release|Any CPU = Release|Any CPU
	EndGlobalSection
	GlobalSection(ProjectConfigurationPlatforms) = postSolution
		{3F647EBB-063F-48B8-8DF1-116A1A1108E8}.Debug|Any CPU.ActiveCfg = Debug|Any CPU
		{3F647EBB-063F-48B8-8DF1-116A1A1108E8}.Debug|Any CPU.Build.0 = Debug|Any CPU
		{3F647EBB-063F-48B8-8DF1-116A1A1108E8}.Release|Any CPU.ActiveCfg = Release|Any CPU
		{3F647EBB-063F-48B8-8DF1-116A1A1108E8}.Release|Any CPU.Build.0 = Release|Any CPU
	EndGlobalSection
	GlobalSection(SolutionProperties) = preSolution
		HideSolutionNode = FALSE
	EndGlobalSection
	GlobalSection(ExtensibilityGlobals) = postSolution
		SolutionGuid = {D5D0AF11-C82E-4AF0-ACED-60C065715099}
	EndGlobalSection
EndGlobal
